// !$*UTF8*$!
{
	archiveVersion = 1;
	classes = {
	};
	objectVersion = 55;
	objects = {

/* Begin PBXBuildFile section */
		7BA159742951807E008DFA1A /* SwiftCryptoCurrencyApp.swift in Sources */ = {isa = PBXBuildFile; fileRef = 7BA159732951807E008DFA1A /* SwiftCryptoCurrencyApp.swift */; };
		7BA159762951807E008DFA1A /* ContentView.swift in Sources */ = {isa = PBXBuildFile; fileRef = 7BA159752951807E008DFA1A /* ContentView.swift */; };
		7BA159782951807F008DFA1A /* Assets.xcassets in Resources */ = {isa = PBXBuildFile; fileRef = 7BA159772951807F008DFA1A /* Assets.xcassets */; };
		7BA1597B2951807F008DFA1A /* Preview Assets.xcassets in Resources */ = {isa = PBXBuildFile; fileRef = 7BA1597A2951807F008DFA1A /* Preview Assets.xcassets */; };
		7BA1598C295182CF008DFA1A /* HomeView.swift in Sources */ = {isa = PBXBuildFile; fileRef = 7BA1598B295182CF008DFA1A /* HomeView.swift */; };
		7BA1598E295184FB008DFA1A /* TopMoversView.swift in Sources */ = {isa = PBXBuildFile; fileRef = 7BA1598D295184FB008DFA1A /* TopMoversView.swift */; };
		7BA1599029518515008DFA1A /* TopMoversItemView.swift in Sources */ = {isa = PBXBuildFile; fileRef = 7BA1598F29518515008DFA1A /* TopMoversItemView.swift */; };
		7BA1599229518974008DFA1A /* AllCoinsView.swift in Sources */ = {isa = PBXBuildFile; fileRef = 7BA1599129518974008DFA1A /* AllCoinsView.swift */; };
		7BA159942951897E008DFA1A /* CoinRowView.swift in Sources */ = {isa = PBXBuildFile; fileRef = 7BA159932951897E008DFA1A /* CoinRowView.swift */; };
		7BA15998295190DF008DFA1A /* HomeViewModel.swift in Sources */ = {isa = PBXBuildFile; fileRef = 7BA15997295190DF008DFA1A /* HomeViewModel.swift */; };
		7BD077552951A14A00E3B500 /* Coin.swift in Sources */ = {isa = PBXBuildFile; fileRef = 7BD077542951A14A00E3B500 /* Coin.swift */; };
		7BD077582951A90800E3B500 /* Kingfisher in Frameworks */ = {isa = PBXBuildFile; productRef = 7BD077572951A90800E3B500 /* Kingfisher */; };
		7BD0775A2951A9FB00E3B500 /* Double.swift in Sources */ = {isa = PBXBuildFile; fileRef = 7BD077592951A9FB00E3B500 /* Double.swift */; };
/* End PBXBuildFile section */

/* Begin PBXFileReference section */
		7BA159702951807E008DFA1A /* SwiftCryptoCurrency.app */ = {isa = PBXFileReference; explicitFileType = wrapper.application; includeInIndex = 0; path = SwiftCryptoCurrency.app; sourceTree = BUILT_PRODUCTS_DIR; };
		7BA159732951807E008DFA1A /* SwiftCryptoCurrencyApp.swift */ = {isa = PBXFileReference; lastKnownFileType = sourcecode.swift; path = SwiftCryptoCurrencyApp.swift; sourceTree = "<group>"; };
		7BA159752951807E008DFA1A /* ContentView.swift */ = {isa = PBXFileReference; lastKnownFileType = sourcecode.swift; path = ContentView.swift; sourceTree = "<group>"; };
		7BA159772951807F008DFA1A /* Assets.xcassets */ = {isa = PBXFileReference; lastKnownFileType = folder.assetcatalog; path = Assets.xcassets; sourceTree = "<group>"; };
		7BA1597A2951807F008DFA1A /* Preview Assets.xcassets */ = {isa = PBXFileReference; lastKnownFileType = folder.assetcatalog; path = "Preview Assets.xcassets"; sourceTree = "<group>"; };
		7BA1598B295182CF008DFA1A /* HomeView.swift */ = {isa = PBXFileReference; lastKnownFileType = sourcecode.swift; path = HomeView.swift; sourceTree = "<group>"; };
		7BA1598D295184FB008DFA1A /* TopMoversView.swift */ = {isa = PBXFileReference; lastKnownFileType = sourcecode.swift; path = TopMoversView.swift; sourceTree = "<group>"; };
		7BA1598F29518515008DFA1A /* TopMoversItemView.swift */ = {isa = PBXFileReference; lastKnownFileType = sourcecode.swift; path = TopMoversItemView.swift; sourceTree = "<group>"; };
		7BA1599129518974008DFA1A /* AllCoinsView.swift */ = {isa = PBXFileReference; lastKnownFileType = sourcecode.swift; path = AllCoinsView.swift; sourceTree = "<group>"; };
		7BA159932951897E008DFA1A /* CoinRowView.swift */ = {isa = PBXFileReference; lastKnownFileType = sourcecode.swift; path = CoinRowView.swift; sourceTree = "<group>"; };
		7BA15997295190DF008DFA1A /* HomeViewModel.swift */ = {isa = PBXFileReference; lastKnownFileType = sourcecode.swift; path = HomeViewModel.swift; sourceTree = "<group>"; };
		7BD077542951A14A00E3B500 /* Coin.swift */ = {isa = PBXFileReference; lastKnownFileType = sourcecode.swift; path = Coin.swift; sourceTree = "<group>"; };
		7BD077592951A9FB00E3B500 /* Double.swift */ = {isa = PBXFileReference; lastKnownFileType = sourcecode.swift; path = Double.swift; sourceTree = "<group>"; };
/* End PBXFileReference section */

/* Begin PBXFrameworksBuildPhase section */
		7BA1596D2951807E008DFA1A /* Frameworks */ = {
			isa = PBXFrameworksBuildPhase;
			buildActionMask = 2147483647;
			files = (
				7BD077582951A90800E3B500 /* Kingfisher in Frameworks */,
			);
			runOnlyForDeploymentPostprocessing = 0;
		};
/* End PBXFrameworksBuildPhase section */

/* Begin PBXGroup section */
		7BA159672951807E008DFA1A = {
			isa = PBXGroup;
			children = (
				7BA159722951807E008DFA1A /* SwiftCryptoCurrency */,
				7BA159712951807E008DFA1A /* Products */,
			);
			sourceTree = "<group>";
		};
		7BA159712951807E008DFA1A /* Products */ = {
			isa = PBXGroup;
			children = (
				7BA159702951807E008DFA1A /* SwiftCryptoCurrency.app */,
			);
			name = Products;
			sourceTree = "<group>";
		};
		7BA159722951807E008DFA1A /* SwiftCryptoCurrency */ = {
			isa = PBXGroup;
			children = (
				7BA15987295180E0008DFA1A /* Utils */,
				7BA15986295180DE008DFA1A /* Extensions */,
				7BA15985295180DC008DFA1A /* Models */,
				7BA15982295180CD008DFA1A /* Core */,
				7BA15981295180BF008DFA1A /* App */,
				7BA159752951807E008DFA1A /* ContentView.swift */,
				7BA159772951807F008DFA1A /* Assets.xcassets */,
				7BA159792951807F008DFA1A /* Preview Content */,
			);
			path = SwiftCryptoCurrency;
			sourceTree = "<group>";
		};
		7BA159792951807F008DFA1A /* Preview Content */ = {
			isa = PBXGroup;
			children = (
				7BA1597A2951807F008DFA1A /* Preview Assets.xcassets */,
			);
			path = "Preview Content";
			sourceTree = "<group>";
		};
		7BA15981295180BF008DFA1A /* App */ = {
			isa = PBXGroup;
			children = (
				7BA159732951807E008DFA1A /* SwiftCryptoCurrencyApp.swift */,
			);
			path = App;
			sourceTree = "<group>";
		};
		7BA15982295180CD008DFA1A /* Core */ = {
			isa = PBXGroup;
			children = (
				7BA159882951820F008DFA1A /* Home */,
			);
			path = Core;
			sourceTree = "<group>";
		};
		7BA15985295180DC008DFA1A /* Models */ = {
			isa = PBXGroup;
			children = (
				7BD077542951A14A00E3B500 /* Coin.swift */,
			);
			path = Models;
			sourceTree = "<group>";
		};
		7BA15986295180DE008DFA1A /* Extensions */ = {
			isa = PBXGroup;
			children = (
				7BD077592951A9FB00E3B500 /* Double.swift */,
			);
			path = Extensions;
			sourceTree = "<group>";
		};
		7BA15987295180E0008DFA1A /* Utils */ = {
			isa = PBXGroup;
			children = (
			);
			path = Utils;
			sourceTree = "<group>";
		};
		7BA159882951820F008DFA1A /* Home */ = {
			isa = PBXGroup;
			children = (
				7BA1598A295182A7008DFA1A /* ViewModels */,
				7BA15989295182A2008DFA1A /* Views */,
			);
			path = Home;
			sourceTree = "<group>";
		};
		7BA15989295182A2008DFA1A /* Views */ = {
			isa = PBXGroup;
			children = (
				7BA1598B295182CF008DFA1A /* HomeView.swift */,
				7BA1598D295184FB008DFA1A /* TopMoversView.swift */,
				7BA1598F29518515008DFA1A /* TopMoversItemView.swift */,
				7BA1599129518974008DFA1A /* AllCoinsView.swift */,
				7BA159932951897E008DFA1A /* CoinRowView.swift */,
			);
			path = Views;
			sourceTree = "<group>";
		};
		7BA1598A295182A7008DFA1A /* ViewModels */ = {
			isa = PBXGroup;
			children = (
				7BA15997295190DF008DFA1A /* HomeViewModel.swift */,
			);
			path = ViewModels;
			sourceTree = "<group>";
		};
/* End PBXGroup section */

/* Begin PBXNativeTarget section */
		7BA1596F2951807E008DFA1A /* SwiftCryptoCurrency */ = {
			isa = PBXNativeTarget;
			buildConfigurationList = 7BA1597E2951807F008DFA1A /* Build configuration list for PBXNativeTarget "SwiftCryptoCurrency" */;
			buildPhases = (
				7BA1596C2951807E008DFA1A /* Sources */,
				7BA1596D2951807E008DFA1A /* Frameworks */,
				7BA1596E2951807E008DFA1A /* Resources */,
			);
			buildRules = (
			);
			dependencies = (
			);
			name = SwiftCryptoCurrency;
			packageProductDependencies = (
				7BD077572951A90800E3B500 /* Kingfisher */,
			);
			productName = SwiftCryptoCurrency;
			productReference = 7BA159702951807E008DFA1A /* SwiftCryptoCurrency.app */;
			productType = "com.apple.product-type.application";
		};
/* End PBXNativeTarget section */

/* Begin PBXProject section */
		7BA159682951807E008DFA1A /* Project object */ = {
			isa = PBXProject;
			attributes = {
				BuildIndependentTargetsInParallel = 1;
				LastSwiftUpdateCheck = 1320;
				LastUpgradeCheck = 1320;
				TargetAttributes = {
					7BA1596F2951807E008DFA1A = {
						CreatedOnToolsVersion = 13.2.1;
					};
				};
			};
			buildConfigurationList = 7BA1596B2951807E008DFA1A /* Build configuration list for PBXProject "SwiftCryptoCurrency" */;
			compatibilityVersion = "Xcode 13.0";
			developmentRegion = en;
			hasScannedForEncodings = 0;
			knownRegions = (
				en,
				Base,
			);
			mainGroup = 7BA159672951807E008DFA1A;
			packageReferences = (
				7BD077562951A90800E3B500 /* XCRemoteSwiftPackageReference "Kingfisher" */,
			);
			productRefGroup = 7BA159712951807E008DFA1A /* Products */;
			projectDirPath = "";
			projectRoot = "";
			targets = (
				7BA1596F2951807E008DFA1A /* SwiftCryptoCurrency */,
			);
		};
/* End PBXProject section */

/* Begin PBXResourcesBuildPhase section */
		7BA1596E2951807E008DFA1A /* Resources */ = {
			isa = PBXResourcesBuildPhase;
			buildActionMask = 2147483647;
			files = (
				7BA1597B2951807F008DFA1A /* Preview Assets.xcassets in Resources */,
				7BA159782951807F008DFA1A /* Assets.xcassets in Resources */,
			);
			runOnlyForDeploymentPostprocessing = 0;
		};
/* End PBXResourcesBuildPhase section */

/* Begin PBXSourcesBuildPhase section */
		7BA1596C2951807E008DFA1A /* Sources */ = {
			isa = PBXSourcesBuildPhase;
			buildActionMask = 2147483647;
			files = (
				7BD077552951A14A00E3B500 /* Coin.swift in Sources */,
				7BA1598E295184FB008DFA1A /* TopMoversView.swift in Sources */,
				7BA1599229518974008DFA1A /* AllCoinsView.swift in Sources */,
				7BA1598C295182CF008DFA1A /* HomeView.swift in Sources */,
				7BA15998295190DF008DFA1A /* HomeViewModel.swift in Sources */,
				7BA159762951807E008DFA1A /* ContentView.swift in Sources */,
				7BA159742951807E008DFA1A /* SwiftCryptoCurrencyApp.swift in Sources */,
				7BA159942951897E008DFA1A /* CoinRowView.swift in Sources */,
				7BD0775A2951A9FB00E3B500 /* Double.swift in Sources */,
				7BA1599029518515008DFA1A /* TopMoversItemView.swift in Sources */,
			);
			runOnlyForDeploymentPostprocessing = 0;
		};
/* End PBXSourcesBuildPhase section */

/* Begin XCBuildConfiguration section */
		7BA1597C2951807F008DFA1A /* Debug */ = {
			isa = XCBuildConfiguration;
			buildSettings = {
				ALWAYS_SEARCH_USER_PATHS = NO;
				CLANG_ANALYZER_NONNULL = YES;
				CLANG_ANALYZER_NUMBER_OBJECT_CONVERSION = YES_AGGRESSIVE;
				CLANG_CXX_LANGUAGE_STANDARD = "gnu++17";
				CLANG_CXX_LIBRARY = "libc++";
				CLANG_ENABLE_MODULES = YES;
				CLANG_ENABLE_OBJC_ARC = YES;
				CLANG_ENABLE_OBJC_WEAK = YES;
				CLANG_WARN_BLOCK_CAPTURE_AUTORELEASING = YES;
				CLANG_WARN_BOOL_CONVERSION = YES;
				CLANG_WARN_COMMA = YES;
				CLANG_WARN_CONSTANT_CONVERSION = YES;
				CLANG_WARN_DEPRECATED_OBJC_IMPLEMENTATIONS = YES;
				CLANG_WARN_DIRECT_OBJC_ISA_USAGE = YES_ERROR;
				CLANG_WARN_DOCUMENTATION_COMMENTS = YES;
				CLANG_WARN_EMPTY_BODY = YES;
				CLANG_WARN_ENUM_CONVERSION = YES;
				CLANG_WARN_INFINITE_RECURSION = YES;
				CLANG_WARN_INT_CONVERSION = YES;
				CLANG_WARN_NON_LITERAL_NULL_CONVERSION = YES;
				CLANG_WARN_OBJC_IMPLICIT_RETAIN_SELF = YES;
				CLANG_WARN_OBJC_LITERAL_CONVERSION = YES;
				CLANG_WARN_OBJC_ROOT_CLASS = YES_ERROR;
				CLANG_WARN_QUOTED_INCLUDE_IN_FRAMEWORK_HEADER = YES;
				CLANG_WARN_RANGE_LOOP_ANALYSIS = YES;
				CLANG_WARN_STRICT_PROTOTYPES = YES;
				CLANG_WARN_SUSPICIOUS_MOVE = YES;
				CLANG_WARN_UNGUARDED_AVAILABILITY = YES_AGGRESSIVE;
				CLANG_WARN_UNREACHABLE_CODE = YES;
				CLANG_WARN__DUPLICATE_METHOD_MATCH = YES;
				COPY_PHASE_STRIP = NO;
				DEBUG_INFORMATION_FORMAT = dwarf;
				ENABLE_STRICT_OBJC_MSGSEND = YES;
				ENABLE_TESTABILITY = YES;
				GCC_C_LANGUAGE_STANDARD = gnu11;
				GCC_DYNAMIC_NO_PIC = NO;
				GCC_NO_COMMON_BLOCKS = YES;
				GCC_OPTIMIZATION_LEVEL = 0;
				GCC_PREPROCESSOR_DEFINITIONS = (
					"DEBUG=1",
					"$(inherited)",
				);
				GCC_WARN_64_TO_32_BIT_CONVERSION = YES;
				GCC_WARN_ABOUT_RETURN_TYPE = YES_ERROR;
				GCC_WARN_UNDECLARED_SELECTOR = YES;
				GCC_WARN_UNINITIALIZED_AUTOS = YES_AGGRESSIVE;
				GCC_WARN_UNUSED_FUNCTION = YES;
				GCC_WARN_UNUSED_VARIABLE = YES;
				IPHONEOS_DEPLOYMENT_TARGET = 15.2;
				MTL_ENABLE_DEBUG_INFO = INCLUDE_SOURCE;
				MTL_FAST_MATH = YES;
				ONLY_ACTIVE_ARCH = YES;
				SDKROOT = iphoneos;
				SWIFT_ACTIVE_COMPILATION_CONDITIONS = DEBUG;
				SWIFT_OPTIMIZATION_LEVEL = "-Onone";
			};
			name = Debug;
		};
		7BA1597D2951807F008DFA1A /* Release */ = {
			isa = XCBuildConfiguration;
			buildSettings = {
				ALWAYS_SEARCH_USER_PATHS = NO;
				CLANG_ANALYZER_NONNULL = YES;
				CLANG_ANALYZER_NUMBER_OBJECT_CONVERSION = YES_AGGRESSIVE;
				CLANG_CXX_LANGUAGE_STANDARD = "gnu++17";
				CLANG_CXX_LIBRARY = "libc++";
				CLANG_ENABLE_MODULES = YES;
				CLANG_ENABLE_OBJC_ARC = YES;
				CLANG_ENABLE_OBJC_WEAK = YES;
				CLANG_WARN_BLOCK_CAPTURE_AUTORELEASING = YES;
				CLANG_WARN_BOOL_CONVERSION = YES;
				CLANG_WARN_COMMA = YES;
				CLANG_WARN_CONSTANT_CONVERSION = YES;
				CLANG_WARN_DEPRECATED_OBJC_IMPLEMENTATIONS = YES;
				CLANG_WARN_DIRECT_OBJC_ISA_USAGE = YES_ERROR;
				CLANG_WARN_DOCUMENTATION_COMMENTS = YES;
				CLANG_WARN_EMPTY_BODY = YES;
				CLANG_WARN_ENUM_CONVERSION = YES;
				CLANG_WARN_INFINITE_RECURSION = YES;
				CLANG_WARN_INT_CONVERSION = YES;
				CLANG_WARN_NON_LITERAL_NULL_CONVERSION = YES;
				CLANG_WARN_OBJC_IMPLICIT_RETAIN_SELF = YES;
				CLANG_WARN_OBJC_LITERAL_CONVERSION = YES;
				CLANG_WARN_OBJC_ROOT_CLASS = YES_ERROR;
				CLANG_WARN_QUOTED_INCLUDE_IN_FRAMEWORK_HEADER = YES;
				CLANG_WARN_RANGE_LOOP_ANALYSIS = YES;
				CLANG_WARN_STRICT_PROTOTYPES = YES;
				CLANG_WARN_SUSPICIOUS_MOVE = YES;
				CLANG_WARN_UNGUARDED_AVAILABILITY = YES_AGGRESSIVE;
				CLANG_WARN_UNREACHABLE_CODE = YES;
				CLANG_WARN__DUPLICATE_METHOD_MATCH = YES;
				COPY_PHASE_STRIP = NO;
				DEBUG_INFORMATION_FORMAT = "dwarf-with-dsym";
				ENABLE_NS_ASSERTIONS = NO;
				ENABLE_STRICT_OBJC_MSGSEND = YES;
				GCC_C_LANGUAGE_STANDARD = gnu11;
				GCC_NO_COMMON_BLOCKS = YES;
				GCC_WARN_64_TO_32_BIT_CONVERSION = YES;
				GCC_WARN_ABOUT_RETURN_TYPE = YES_ERROR;
				GCC_WARN_UNDECLARED_SELECTOR = YES;
				GCC_WARN_UNINITIALIZED_AUTOS = YES_AGGRESSIVE;
				GCC_WARN_UNUSED_FUNCTION = YES;
				GCC_WARN_UNUSED_VARIABLE = YES;
				IPHONEOS_DEPLOYMENT_TARGET = 15.2;
				MTL_ENABLE_DEBUG_INFO = NO;
				MTL_FAST_MATH = YES;
				SDKROOT = iphoneos;
				SWIFT_COMPILATION_MODE = wholemodule;
				SWIFT_OPTIMIZATION_LEVEL = "-O";
				VALIDATE_PRODUCT = YES;
			};
			name = Release;
		};
		7BA1597F2951807F008DFA1A /* Debug */ = {
			isa = XCBuildConfiguration;
			buildSettings = {
				ASSETCATALOG_COMPILER_APPICON_NAME = AppIcon;
				ASSETCATALOG_COMPILER_GLOBAL_ACCENT_COLOR_NAME = AccentColor;
				CODE_SIGN_STYLE = Automatic;
				CURRENT_PROJECT_VERSION = 1;
				DEVELOPMENT_ASSET_PATHS = "\"SwiftCryptoCurrency/Preview Content\"";
				ENABLE_PREVIEWS = YES;
				GENERATE_INFOPLIST_FILE = YES;
				INFOPLIST_KEY_UIApplicationSceneManifest_Generation = YES;
				INFOPLIST_KEY_UIApplicationSupportsIndirectInputEvents = YES;
				INFOPLIST_KEY_UILaunchScreen_Generation = YES;
				INFOPLIST_KEY_UISupportedInterfaceOrientations_iPad = "UIInterfaceOrientationPortrait UIInterfaceOrientationPortraitUpsideDown UIInterfaceOrientationLandscapeLeft UIInterfaceOrientationLandscapeRight";
				INFOPLIST_KEY_UISupportedInterfaceOrientations_iPhone = "UIInterfaceOrientationPortrait UIInterfaceOrientationLandscapeLeft UIInterfaceOrientationLandscapeRight";
				IPHONEOS_DEPLOYMENT_TARGET = 15.2;
				LD_RUNPATH_SEARCH_PATHS = (
					"$(inherited)",
					"@executable_path/Frameworks",
				);
				MARKETING_VERSION = 1.0;
				PRODUCT_BUNDLE_IDENTIFIER = com.hafif.SwiftCryptoCurrency;
				PRODUCT_NAME = "$(TARGET_NAME)";
				SWIFT_EMIT_LOC_STRINGS = YES;
				SWIFT_VERSION = 5.0;
				TARGETED_DEVICE_FAMILY = "1,2";
			};
			name = Debug;
		};
		7BA159802951807F008DFA1A /* Release */ = {
			isa = XCBuildConfiguration;
			buildSettings = {
				ASSETCATALOG_COMPILER_APPICON_NAME = AppIcon;
				ASSETCATALOG_COMPILER_GLOBAL_ACCENT_COLOR_NAME = AccentColor;
				CODE_SIGN_STYLE = Automatic;
				CURRENT_PROJECT_VERSION = 1;
				DEVELOPMENT_ASSET_PATHS = "\"SwiftCryptoCurrency/Preview Content\"";
				ENABLE_PREVIEWS = YES;
				GENERATE_INFOPLIST_FILE = YES;
				INFOPLIST_KEY_UIApplicationSceneManifest_Generation = YES;
				INFOPLIST_KEY_UIApplicationSupportsIndirectInputEvents = YES;
				INFOPLIST_KEY_UILaunchScreen_Generation = YES;
				INFOPLIST_KEY_UISupportedInterfaceOrientations_iPad = "UIInterfaceOrientationPortrait UIInterfaceOrientationPortraitUpsideDown UIInterfaceOrientationLandscapeLeft UIInterfaceOrientationLandscapeRight";
				INFOPLIST_KEY_UISupportedInterfaceOrientations_iPhone = "UIInterfaceOrientationPortrait UIInterfaceOrientationLandscapeLeft UIInterfaceOrientationLandscapeRight";
				IPHONEOS_DEPLOYMENT_TARGET = 15.2;
				LD_RUNPATH_SEARCH_PATHS = (
					"$(inherited)",
					"@executable_path/Frameworks",
				);
				MARKETING_VERSION = 1.0;
				PRODUCT_BUNDLE_IDENTIFIER = com.hafif.SwiftCryptoCurrency;
				PRODUCT_NAME = "$(TARGET_NAME)";
				SWIFT_EMIT_LOC_STRINGS = YES;
				SWIFT_VERSION = 5.0;
				TARGETED_DEVICE_FAMILY = "1,2";
			};
			name = Release;
		};
/* End XCBuildConfiguration section */

/* Begin XCConfigurationList section */
		7BA1596B2951807E008DFA1A /* Build configuration list for PBXProject "SwiftCryptoCurrency" */ = {
			isa = XCConfigurationList;
			buildConfigurations = (
				7BA1597C2951807F008DFA1A /* Debug */,
				7BA1597D2951807F008DFA1A /* Release */,
			);
			defaultConfigurationIsVisible = 0;
			defaultConfigurationName = Release;
		};
		7BA1597E2951807F008DFA1A /* Build configuration list for PBXNativeTarget "SwiftCryptoCurrency" */ = {
			isa = XCConfigurationList;
			buildConfigurations = (
				7BA1597F2951807F008DFA1A /* Debug */,
				7BA159802951807F008DFA1A /* Release */,
			);
			defaultConfigurationIsVisible = 0;
			defaultConfigurationName = Release;
		};
/* End XCConfigurationList section */

/* Begin XCRemoteSwiftPackageReference section */
		7BD077562951A90800E3B500 /* XCRemoteSwiftPackageReference "Kingfisher" */ = {
			isa = XCRemoteSwiftPackageReference;
			repositoryURL = "https://github.com/onevcat/Kingfisher.git";
			requirement = {
				kind = upToNextMajorVersion;
				minimumVersion = 7.0.0;
			};
		};
/* End XCRemoteSwiftPackageReference section */

/* Begin XCSwiftPackageProductDependency section */
		7BD077572951A90800E3B500 /* Kingfisher */ = {
			isa = XCSwiftPackageProductDependency;
			package = 7BD077562951A90800E3B500 /* XCRemoteSwiftPackageReference "Kingfisher" */;
			productName = Kingfisher;
		};
/* End XCSwiftPackageProductDependency section */
	};
	rootObject = 7BA159682951807E008DFA1A /* Project object */;
}
